{
  "object": {
    "pins": [
      {
        "package": "Ipecac",
        "repositoryURL": "https://github.com/KittyMac/Ipecac.git",
        "state": {
          "branch": "master",
          "revision": "d32093cffcd1c23ace9e6d65f93ae817b1bb0d45",
          "version": null
        }
      },
      {
        "package": "swift-argument-parser",
        "repositoryURL": "https://github.com/apple/swift-argument-parser",
        "state": {
          "branch": null,
          "revision": "15351c1cd009eba0b6e438bfef55ea9847a8dc4a",
          "version": "0.3.0"
        }
      }
    ]
  },
  "version": 1
}
