{
  "pins" : [
    {
      "identity" : "chronometer",
      "kind" : "remoteSourceControl",
      "location" : "https://github.com/KittyMac/Chronometer.git",
      "state" : {
        "revision" : "1360b46bfa6eecbdedd24590b95f97d3e59dc027",
        "version" : "0.1.6"
      }
    },
    {
      "identity" : "gzipswift",
      "kind" : "remoteSourceControl",
      "location" : "https://github.com/KittyMac/GzipSwift.git",
      "state" : {
        "revision" : "ca15e2487b21e6f9d8829997184f14de32654b5b",
        "version" : "5.3.0"
      }
    },
    {
      "identity" : "hitch",
      "kind" : "remoteSourceControl",
      "location" : "https://github.com/KittyMac/Hitch.git",
      "state" : {
        "revision" : "02c5a0b672776106aca615f827dd1f60eda6908f",
        "version" : "0.4.92"
      }
    },
    {
      "identity" : "jib",
      "kind" : "remoteSourceControl",
      "location" : "https://github.com/KittyMac/Jib.git",
      "state" : {
        "revision" : "25172a79f0479e2938c6a020861c0e0c5fbc2322",
        "version" : "0.0.49"
      }
    },
    {
      "identity" : "spanker",
      "kind" : "remoteSourceControl",
      "location" : "https://github.com/KittyMac/Spanker.git",
      "state" : {
        "revision" : "98b15034240c9ff68279d929cb365b6fb389db27",
        "version" : "0.2.29"
      }
    },
    {
      "identity" : "swift-argument-parser",
      "kind" : "remoteSourceControl",
      "location" : "https://github.com/apple/swift-argument-parser",
      "state" : {
        "revision" : "fddd1c00396eed152c45a46bea9f47b98e59301d",
        "version" : "1.2.0"
      }
    }
  ],
  "version" : 2
}